{
  "name": "fullstack-vite-tailwind",
  "private": true,
  "version": "0.0.0",
  "type": "module",
  "scripts": {
    "dev": "concurrently \"cd server && npm start\" \"cd client && npm run dev\"",
    "build": "cd client && npm run build",
    "start": "cd server && npm start"
  },
  "devDependencies": {
    "concurrently": "^9.1.0"
  }
}